
Microsoft Visual Studio Solution File, Format Version 12.00
# Visual Studio Version 16
VisualStudioVersion = 16.0.29613.14
MinimumVisualStudioVersion = 10.0.40219.1
Project("{9A19103F-16F7-4668-BE54-9A1E7A4F7556}") = "Fitness", "Fitness\Fitness.csproj", "{E9C0B4A7-40A1-42A5-A1D8-CC2C5BC15566}"
EndProject
Global
	GlobalSection(SolutionConfigurationPlatforms) = preSolution
		Debug|Any CPU = Debug|Any CPU
		Release|Any CPU = Release|Any CPU
	EndGlobalSection
	GlobalSection(ProjectConfigurationPlatforms) = postSolution
		{E9C0B4A7-40A1-42A5-A1D8-CC2C5BC15566}.Debug|Any CPU.ActiveCfg = Debug|Any CPU
		{E9C0B4A7-40A1-42A5-A1D8-CC2C5BC15566}.Debug|Any CPU.Build.0 = Debug|Any CPU
		{E9C0B4A7-40A1-42A5-A1D8-CC2C5BC15566}.Release|Any CPU.ActiveCfg = Release|Any CPU
		{E9C0B4A7-40A1-42A5-A1D8-CC2C5BC15566}.Release|Any CPU.Build.0 = Release|Any CPU
	EndGlobalSection
	GlobalSection(SolutionProperties) = preSolution
		HideSolutionNode = FALSE
	EndGlobalSection
	GlobalSection(ExtensibilityGlobals) = postSolution
		SolutionGuid = {803D142D-62F9-4111-A036-6C096B485332}
	EndGlobalSection
EndGlobal
